
Microsoft Visual Studio Solution File, Format Version 12.00
# Visual Studio Version 17
VisualStudioVersion = 17.13.35931.197 d17.13
MinimumVisualStudioVersion = 10.0.40219.1
Project("{FAE04EC0-301F-11D3-BF4B-00C04F79EFBC}") = "TatilArkadasim", "TatilArkadasim\TatilArkadasim.csproj", "{13E641EE-BA98-4E1C-94E9-B5E8954A27B1}"
EndProject
Global
	GlobalSection(SolutionConfigurationPlatforms) = preSolution
		Debug|Any CPU = Debug|Any CPU
		Release|Any CPU = Release|Any CPU
	EndGlobalSection
	GlobalSection(ProjectConfigurationPlatforms) = postSolution
		{13E641EE-BA98-4E1C-94E9-B5E8954A27B1}.Debug|Any CPU.ActiveCfg = Debug|Any CPU
		{13E641EE-BA98-4E1C-94E9-B5E8954A27B1}.Debug|Any CPU.Build.0 = Debug|Any CPU
		{13E641EE-BA98-4E1C-94E9-B5E8954A27B1}.Release|Any CPU.ActiveCfg = Release|Any CPU
		{13E641EE-BA98-4E1C-94E9-B5E8954A27B1}.Release|Any CPU.Build.0 = Release|Any CPU
	EndGlobalSection
	GlobalSection(SolutionProperties) = preSolution
		HideSolutionNode = FALSE
	EndGlobalSection
	GlobalSection(ExtensibilityGlobals) = postSolution
		SolutionGuid = {74588865-53F6-40B1-B0E6-047F032054D1}
	EndGlobalSection
EndGlobal
